
Microsoft Visual Studio Solution File, Format Version 12.00
# Visual Studio Version 16
VisualStudioVersion = 16.0.31911.196
MinimumVisualStudioVersion = 10.0.40219.1
Project("{9A19103F-16F7-4668-BE54-9A1E7A4F7556}") = "StoreWebApi.Application", "StoreWebApi.Application\StoreWebApi.Application.csproj", "{2702CDF4-DBE5-4757-A15E-EBC2802242DE}"
EndProject
Project("{9A19103F-16F7-4668-BE54-9A1E7A4F7556}") = "StoreWebApi.Domain", "StoreWebApi.Core\StoreWebApi.Domain.csproj", "{4D1B24C0-85BF-4F7E-94DF-B74406400FBC}"
EndProject
Project("{9A19103F-16F7-4668-BE54-9A1E7A4F7556}") = "StoreWebApi.Infrastructure", "StoreWebApi.Infrastructure\StoreWebApi.Infrastructure.csproj", "{87AC617B-820C-46C9-B51D-FB369B5E6266}"
EndProject
Project("{9A19103F-16F7-4668-BE54-9A1E7A4F7556}") = "StoreWebApi.API", "StoreWebApi.API\StoreWebApi.API.csproj", "{97844F78-1F67-46E9-A497-F50C0EE5B3B2}"
EndProject
Project("{9A19103F-16F7-4668-BE54-9A1E7A4F7556}") = "StoreWebApi.IntegrationTests", "IntegrationTests\StoreWebApi.IntegrationTests.csproj", "{320124A6-3021-40E4-85AE-E86A7167CBC1}"
EndProject
Global
	GlobalSection(SolutionConfigurationPlatforms) = preSolution
		Debug|Any CPU = Debug|Any CPU
		Release|Any CPU = Release|Any CPU
	EndGlobalSection
	GlobalSection(ProjectConfigurationPlatforms) = postSolution
		{2702CDF4-DBE5-4757-A15E-EBC2802242DE}.Debug|Any CPU.ActiveCfg = Debug|Any CPU
		{2702CDF4-DBE5-4757-A15E-EBC2802242DE}.Debug|Any CPU.Build.0 = Debug|Any CPU
		{2702CDF4-DBE5-4757-A15E-EBC2802242DE}.Release|Any CPU.ActiveCfg = Release|Any CPU
		{2702CDF4-DBE5-4757-A15E-EBC2802242DE}.Release|Any CPU.Build.0 = Release|Any CPU
		{4D1B24C0-85BF-4F7E-94DF-B74406400FBC}.Debug|Any CPU.ActiveCfg = Debug|Any CPU
		{4D1B24C0-85BF-4F7E-94DF-B74406400FBC}.Debug|Any CPU.Build.0 = Debug|Any CPU
		{4D1B24C0-85BF-4F7E-94DF-B74406400FBC}.Release|Any CPU.ActiveCfg = Release|Any CPU
		{4D1B24C0-85BF-4F7E-94DF-B74406400FBC}.Release|Any CPU.Build.0 = Release|Any CPU
		{87AC617B-820C-46C9-B51D-FB369B5E6266}.Debug|Any CPU.ActiveCfg = Debug|Any CPU
		{87AC617B-820C-46C9-B51D-FB369B5E6266}.Debug|Any CPU.Build.0 = Debug|Any CPU
		{87AC617B-820C-46C9-B51D-FB369B5E6266}.Release|Any CPU.ActiveCfg = Release|Any CPU
		{87AC617B-820C-46C9-B51D-FB369B5E6266}.Release|Any CPU.Build.0 = Release|Any CPU
		{97844F78-1F67-46E9-A497-F50C0EE5B3B2}.Debug|Any CPU.ActiveCfg = Debug|Any CPU
		{97844F78-1F67-46E9-A497-F50C0EE5B3B2}.Debug|Any CPU.Build.0 = Debug|Any CPU
		{97844F78-1F67-46E9-A497-F50C0EE5B3B2}.Release|Any CPU.ActiveCfg = Release|Any CPU
		{97844F78-1F67-46E9-A497-F50C0EE5B3B2}.Release|Any CPU.Build.0 = Release|Any CPU
		{320124A6-3021-40E4-85AE-E86A7167CBC1}.Debug|Any CPU.ActiveCfg = Debug|Any CPU
		{320124A6-3021-40E4-85AE-E86A7167CBC1}.Debug|Any CPU.Build.0 = Debug|Any CPU
		{320124A6-3021-40E4-85AE-E86A7167CBC1}.Release|Any CPU.ActiveCfg = Release|Any CPU
		{320124A6-3021-40E4-85AE-E86A7167CBC1}.Release|Any CPU.Build.0 = Release|Any CPU
	EndGlobalSection
	GlobalSection(SolutionProperties) = preSolution
		HideSolutionNode = FALSE
	EndGlobalSection
	GlobalSection(ExtensibilityGlobals) = postSolution
		SolutionGuid = {CAF64994-9420-47A4-9E6A-4F46CC3D8C2C}
	EndGlobalSection
EndGlobal
